// !$*UTF8*$!
{
	archiveVersion = 1;
	classes = {
	};
	objectVersion = 56;
	objects = {

/* Begin PBXBuildFile section */
		06194893297BFE6E007EF81D /* MovieCollectionViewCell.swift in Sources */ = {isa = PBXBuildFile; fileRef = 06194892297BFE6E007EF81D /* MovieCollectionViewCell.swift */; };
		06194895297BFE7F007EF81D /* Movie.swift in Sources */ = {isa = PBXBuildFile; fileRef = 06194894297BFE7F007EF81D /* Movie.swift */; };
		0636059E2977D4BB004BED85 /* AppDelegate.swift in Sources */ = {isa = PBXBuildFile; fileRef = 0636059D2977D4BB004BED85 /* AppDelegate.swift */; };
		063605A02977D4BB004BED85 /* SceneDelegate.swift in Sources */ = {isa = PBXBuildFile; fileRef = 0636059F2977D4BB004BED85 /* SceneDelegate.swift */; };
		063605A22977D4BB004BED85 /* HomeViewController.swift in Sources */ = {isa = PBXBuildFile; fileRef = 063605A12977D4BB004BED85 /* HomeViewController.swift */; };
		063605A72977D4BD004BED85 /* Assets.xcassets in Resources */ = {isa = PBXBuildFile; fileRef = 063605A62977D4BD004BED85 /* Assets.xcassets */; };
		063605AA2977D4BD004BED85 /* LaunchScreen.storyboard in Resources */ = {isa = PBXBuildFile; fileRef = 063605A82977D4BD004BED85 /* LaunchScreen.storyboard */; };
		0691A1282980350100DB719E /* News.swift in Sources */ = {isa = PBXBuildFile; fileRef = 0691A1272980350100DB719E /* News.swift */; };
		0691A12A298035C000DB719E /* NewsCollectionViewCell.swift in Sources */ = {isa = PBXBuildFile; fileRef = 0691A129298035C000DB719E /* NewsCollectionViewCell.swift */; };
		0691A12C2980397F00DB719E /* NewsCollectionViewManager.swift in Sources */ = {isa = PBXBuildFile; fileRef = 0691A12B2980397F00DB719E /* NewsCollectionViewManager.swift */; };
		0691A12E29804BC800DB719E /* DetailsViewController.swift in Sources */ = {isa = PBXBuildFile; fileRef = 0691A12D29804BC800DB719E /* DetailsViewController.swift */; };
		069B8BEC2982CADE00013932 /* ImageViewCell.swift in Sources */ = {isa = PBXBuildFile; fileRef = 069B8BEB2982CADE00013932 /* ImageViewCell.swift */; };
		069B8BEE2982D0FD00013932 /* DescriptionViewCell.swift in Sources */ = {isa = PBXBuildFile; fileRef = 069B8BED2982D0FD00013932 /* DescriptionViewCell.swift */; };
		069B8BF22982E97E00013932 /* CastTableViewCell.swift in Sources */ = {isa = PBXBuildFile; fileRef = 069B8BF12982E97E00013932 /* CastTableViewCell.swift */; };
		069B8BF42982F50C00013932 /* CastCollectionViewCell.swift in Sources */ = {isa = PBXBuildFile; fileRef = 069B8BF32982F50C00013932 /* CastCollectionViewCell.swift */; };
		069B8BF62983100D00013932 /* ActorViewController.swift in Sources */ = {isa = PBXBuildFile; fileRef = 069B8BF52983100D00013932 /* ActorViewController.swift */; };
		069B8BF9298315A600013932 /* ActorTableViewCell.swift in Sources */ = {isa = PBXBuildFile; fileRef = 069B8BF8298315A600013932 /* ActorTableViewCell.swift */; };
		069B8BFB29831C1A00013932 /* BioTableViewCell.swift in Sources */ = {isa = PBXBuildFile; fileRef = 069B8BFA29831C1A00013932 /* BioTableViewCell.swift */; };
		06CEEE46297D9CA3001736CD /* NewsViewController.swift in Sources */ = {isa = PBXBuildFile; fileRef = 06CEEE45297D9CA3001736CD /* NewsViewController.swift */; };
		06CEEE4B297D9ECE001736CD /* GenreViewController.swift in Sources */ = {isa = PBXBuildFile; fileRef = 06CEEE4A297D9ECE001736CD /* GenreViewController.swift */; };
		06CEEE4D297D9FD7001736CD /* GenreViewCell.swift in Sources */ = {isa = PBXBuildFile; fileRef = 06CEEE4C297D9FD7001736CD /* GenreViewCell.swift */; };
		06EA046B297E506E00B19A41 /* MovieTableCell.swift in Sources */ = {isa = PBXBuildFile; fileRef = 06EA046A297E506E00B19A41 /* MovieTableCell.swift */; };
		06EA046D297E542100B19A41 /* MovieTableHeader.swift in Sources */ = {isa = PBXBuildFile; fileRef = 06EA046C297E542100B19A41 /* MovieTableHeader.swift */; };
/* End PBXBuildFile section */

/* Begin PBXFileReference section */
		06194892297BFE6E007EF81D /* MovieCollectionViewCell.swift */ = {isa = PBXFileReference; lastKnownFileType = sourcecode.swift; path = MovieCollectionViewCell.swift; sourceTree = "<group>"; };
		06194894297BFE7F007EF81D /* Movie.swift */ = {isa = PBXFileReference; lastKnownFileType = sourcecode.swift; path = Movie.swift; sourceTree = "<group>"; };
		0636059A2977D4BB004BED85 /* MoviesAutoLayout.app */ = {isa = PBXFileReference; explicitFileType = wrapper.application; includeInIndex = 0; path = MoviesAutoLayout.app; sourceTree = BUILT_PRODUCTS_DIR; };
		0636059D2977D4BB004BED85 /* AppDelegate.swift */ = {isa = PBXFileReference; lastKnownFileType = sourcecode.swift; path = AppDelegate.swift; sourceTree = "<group>"; };
		0636059F2977D4BB004BED85 /* SceneDelegate.swift */ = {isa = PBXFileReference; lastKnownFileType = sourcecode.swift; path = SceneDelegate.swift; sourceTree = "<group>"; };
		063605A12977D4BB004BED85 /* HomeViewController.swift */ = {isa = PBXFileReference; lastKnownFileType = sourcecode.swift; path = HomeViewController.swift; sourceTree = "<group>"; };
		063605A62977D4BD004BED85 /* Assets.xcassets */ = {isa = PBXFileReference; lastKnownFileType = folder.assetcatalog; path = Assets.xcassets; sourceTree = "<group>"; };
		063605A92977D4BD004BED85 /* Base */ = {isa = PBXFileReference; lastKnownFileType = file.storyboard; name = Base; path = Base.lproj/LaunchScreen.storyboard; sourceTree = "<group>"; };
		063605AB2977D4BD004BED85 /* Info.plist */ = {isa = PBXFileReference; lastKnownFileType = text.plist.xml; path = Info.plist; sourceTree = "<group>"; };
		0691A1272980350100DB719E /* News.swift */ = {isa = PBXFileReference; lastKnownFileType = sourcecode.swift; path = News.swift; sourceTree = "<group>"; };
		0691A129298035C000DB719E /* NewsCollectionViewCell.swift */ = {isa = PBXFileReference; lastKnownFileType = sourcecode.swift; path = NewsCollectionViewCell.swift; sourceTree = "<group>"; };
		0691A12B2980397F00DB719E /* NewsCollectionViewManager.swift */ = {isa = PBXFileReference; lastKnownFileType = sourcecode.swift; path = NewsCollectionViewManager.swift; sourceTree = "<group>"; };
		0691A12D29804BC800DB719E /* DetailsViewController.swift */ = {isa = PBXFileReference; lastKnownFileType = sourcecode.swift; path = DetailsViewController.swift; sourceTree = "<group>"; };
		069B8BEB2982CADE00013932 /* ImageViewCell.swift */ = {isa = PBXFileReference; lastKnownFileType = sourcecode.swift; path = ImageViewCell.swift; sourceTree = "<group>"; };
		069B8BED2982D0FD00013932 /* DescriptionViewCell.swift */ = {isa = PBXFileReference; lastKnownFileType = sourcecode.swift; path = DescriptionViewCell.swift; sourceTree = "<group>"; };
		069B8BF12982E97E00013932 /* CastTableViewCell.swift */ = {isa = PBXFileReference; lastKnownFileType = sourcecode.swift; path = CastTableViewCell.swift; sourceTree = "<group>"; };
		069B8BF32982F50C00013932 /* CastCollectionViewCell.swift */ = {isa = PBXFileReference; lastKnownFileType = sourcecode.swift; path = CastCollectionViewCell.swift; sourceTree = "<group>"; };
		069B8BF52983100D00013932 /* ActorViewController.swift */ = {isa = PBXFileReference; lastKnownFileType = sourcecode.swift; path = ActorViewController.swift; sourceTree = "<group>"; };
		069B8BF8298315A600013932 /* ActorTableViewCell.swift */ = {isa = PBXFileReference; lastKnownFileType = sourcecode.swift; path = ActorTableViewCell.swift; sourceTree = "<group>"; };
		069B8BFA29831C1A00013932 /* BioTableViewCell.swift */ = {isa = PBXFileReference; lastKnownFileType = sourcecode.swift; path = BioTableViewCell.swift; sourceTree = "<group>"; };
		06CEEE45297D9CA3001736CD /* NewsViewController.swift */ = {isa = PBXFileReference; lastKnownFileType = sourcecode.swift; path = NewsViewController.swift; sourceTree = "<group>"; };
		06CEEE4A297D9ECE001736CD /* GenreViewController.swift */ = {isa = PBXFileReference; lastKnownFileType = sourcecode.swift; path = GenreViewController.swift; sourceTree = "<group>"; };
		06CEEE4C297D9FD7001736CD /* GenreViewCell.swift */ = {isa = PBXFileReference; lastKnownFileType = sourcecode.swift; path = GenreViewCell.swift; sourceTree = "<group>"; };
		06EA046A297E506E00B19A41 /* MovieTableCell.swift */ = {isa = PBXFileReference; lastKnownFileType = sourcecode.swift; path = MovieTableCell.swift; sourceTree = "<group>"; };
		06EA046C297E542100B19A41 /* MovieTableHeader.swift */ = {isa = PBXFileReference; lastKnownFileType = sourcecode.swift; path = MovieTableHeader.swift; sourceTree = "<group>"; };
/* End PBXFileReference section */

/* Begin PBXFrameworksBuildPhase section */
		063605972977D4BB004BED85 /* Frameworks */ = {
			isa = PBXFrameworksBuildPhase;
			buildActionMask = 2147483647;
			files = (
			);
			runOnlyForDeploymentPostprocessing = 0;
		};
/* End PBXFrameworksBuildPhase section */

/* Begin PBXGroup section */
		063605912977D4BB004BED85 = {
			isa = PBXGroup;
			children = (
				0636059C2977D4BB004BED85 /* MoviesAutoLayout */,
				0636059B2977D4BB004BED85 /* Products */,
			);
			sourceTree = "<group>";
		};
		0636059B2977D4BB004BED85 /* Products */ = {
			isa = PBXGroup;
			children = (
				0636059A2977D4BB004BED85 /* MoviesAutoLayout.app */,
			);
			name = Products;
			sourceTree = "<group>";
		};
		0636059C2977D4BB004BED85 /* MoviesAutoLayout */ = {
			isa = PBXGroup;
			children = (
				063605AB2977D4BD004BED85 /* Info.plist */,
				06688C0729839CAB00D10FB5 /* AppDelegate */,
				0691A12F29804BCD00DB719E /* Details */,
				06CEEE47297D9CB3001736CD /* News */,
				06CEEE44297D3919001736CD /* Home */,
				069B8BF72983158300013932 /* Actor */,
				06688C0629839C6600D10FB5 /* Supporting files */,
			);
			path = MoviesAutoLayout;
			sourceTree = "<group>";
		};
		06688C0629839C6600D10FB5 /* Supporting files */ = {
			isa = PBXGroup;
			children = (
				063605A82977D4BD004BED85 /* LaunchScreen.storyboard */,
				063605A62977D4BD004BED85 /* Assets.xcassets */,
			);
			path = "Supporting files";
			sourceTree = "<group>";
		};
		06688C0729839CAB00D10FB5 /* AppDelegate */ = {
			isa = PBXGroup;
			children = (
				0636059D2977D4BB004BED85 /* AppDelegate.swift */,
				0636059F2977D4BB004BED85 /* SceneDelegate.swift */,
			);
			path = AppDelegate;
			sourceTree = "<group>";
		};
		0691A12F29804BCD00DB719E /* Details */ = {
			isa = PBXGroup;
			children = (
				0691A12D29804BC800DB719E /* DetailsViewController.swift */,
				069B8BEB2982CADE00013932 /* ImageViewCell.swift */,
				069B8BED2982D0FD00013932 /* DescriptionViewCell.swift */,
				069B8BF12982E97E00013932 /* CastTableViewCell.swift */,
				069B8BF32982F50C00013932 /* CastCollectionViewCell.swift */,
			);
			path = Details;
			sourceTree = "<group>";
		};
		069B8BF72983158300013932 /* Actor */ = {
			isa = PBXGroup;
			children = (
				069B8BF52983100D00013932 /* ActorViewController.swift */,
				069B8BF8298315A600013932 /* ActorTableViewCell.swift */,
				069B8BFA29831C1A00013932 /* BioTableViewCell.swift */,
			);
			path = Actor;
			sourceTree = "<group>";
		};
		06CEEE44297D3919001736CD /* Home */ = {
			isa = PBXGroup;
			children = (
				063605A12977D4BB004BED85 /* HomeViewController.swift */,
				06EA046C297E542100B19A41 /* MovieTableHeader.swift */,
				06EA046A297E506E00B19A41 /* MovieTableCell.swift */,
				06194894297BFE7F007EF81D /* Movie.swift */,
				06194892297BFE6E007EF81D /* MovieCollectionViewCell.swift */,
			);
			path = Home;
			sourceTree = "<group>";
		};
		06CEEE47297D9CB3001736CD /* News */ = {
			isa = PBXGroup;
			children = (
				06CEEE45297D9CA3001736CD /* NewsViewController.swift */,
				06CEEE4A297D9ECE001736CD /* GenreViewController.swift */,
				06CEEE4C297D9FD7001736CD /* GenreViewCell.swift */,
				0691A1272980350100DB719E /* News.swift */,
				0691A129298035C000DB719E /* NewsCollectionViewCell.swift */,
				0691A12B2980397F00DB719E /* NewsCollectionViewManager.swift */,
			);
			path = News;
			sourceTree = "<group>";
		};
/* End PBXGroup section */

/* Begin PBXNativeTarget section */
		063605992977D4BB004BED85 /* MoviesAutoLayout */ = {
			isa = PBXNativeTarget;
			buildConfigurationList = 063605AE2977D4BD004BED85 /* Build configuration list for PBXNativeTarget "MoviesAutoLayout" */;
			buildPhases = (
				063605962977D4BB004BED85 /* Sources */,
				063605972977D4BB004BED85 /* Frameworks */,
				063605982977D4BB004BED85 /* Resources */,
			);
			buildRules = (
			);
			dependencies = (
			);
			name = MoviesAutoLayout;
			productName = MoviesAutoLayout;
			productReference = 0636059A2977D4BB004BED85 /* MoviesAutoLayout.app */;
			productType = "com.apple.product-type.application";
		};
/* End PBXNativeTarget section */

/* Begin PBXProject section */
		063605922977D4BB004BED85 /* Project object */ = {
			isa = PBXProject;
			attributes = {
				BuildIndependentTargetsInParallel = 1;
				LastSwiftUpdateCheck = 1420;
				LastUpgradeCheck = 1420;
				TargetAttributes = {
					063605992977D4BB004BED85 = {
						CreatedOnToolsVersion = 14.2;
					};
				};
			};
			buildConfigurationList = 063605952977D4BB004BED85 /* Build configuration list for PBXProject "MoviesAutoLayout" */;
			compatibilityVersion = "Xcode 14.0";
			developmentRegion = en;
			hasScannedForEncodings = 0;
			knownRegions = (
				en,
				Base,
			);
			mainGroup = 063605912977D4BB004BED85;
			productRefGroup = 0636059B2977D4BB004BED85 /* Products */;
			projectDirPath = "";
			projectRoot = "";
			targets = (
				063605992977D4BB004BED85 /* MoviesAutoLayout */,
			);
		};
/* End PBXProject section */

/* Begin PBXResourcesBuildPhase section */
		063605982977D4BB004BED85 /* Resources */ = {
			isa = PBXResourcesBuildPhase;
			buildActionMask = 2147483647;
			files = (
				063605AA2977D4BD004BED85 /* LaunchScreen.storyboard in Resources */,
				063605A72977D4BD004BED85 /* Assets.xcassets in Resources */,
			);
			runOnlyForDeploymentPostprocessing = 0;
		};
/* End PBXResourcesBuildPhase section */

/* Begin PBXSourcesBuildPhase section */
		063605962977D4BB004BED85 /* Sources */ = {
			isa = PBXSourcesBuildPhase;
			buildActionMask = 2147483647;
			files = (
				06194895297BFE7F007EF81D /* Movie.swift in Sources */,
				0691A12C2980397F00DB719E /* NewsCollectionViewManager.swift in Sources */,
				06CEEE4D297D9FD7001736CD /* GenreViewCell.swift in Sources */,
				069B8BF9298315A600013932 /* ActorTableViewCell.swift in Sources */,
				069B8BF22982E97E00013932 /* CastTableViewCell.swift in Sources */,
				069B8BEE2982D0FD00013932 /* DescriptionViewCell.swift in Sources */,
				069B8BFB29831C1A00013932 /* BioTableViewCell.swift in Sources */,
				063605A22977D4BB004BED85 /* HomeViewController.swift in Sources */,
				0691A12A298035C000DB719E /* NewsCollectionViewCell.swift in Sources */,
				0636059E2977D4BB004BED85 /* AppDelegate.swift in Sources */,
				06EA046B297E506E00B19A41 /* MovieTableCell.swift in Sources */,
				0691A1282980350100DB719E /* News.swift in Sources */,
				069B8BF62983100D00013932 /* ActorViewController.swift in Sources */,
				06CEEE4B297D9ECE001736CD /* GenreViewController.swift in Sources */,
				06CEEE46297D9CA3001736CD /* NewsViewController.swift in Sources */,
				06194893297BFE6E007EF81D /* MovieCollectionViewCell.swift in Sources */,
				063605A02977D4BB004BED85 /* SceneDelegate.swift in Sources */,
				06EA046D297E542100B19A41 /* MovieTableHeader.swift in Sources */,
				069B8BF42982F50C00013932 /* CastCollectionViewCell.swift in Sources */,
				069B8BEC2982CADE00013932 /* ImageViewCell.swift in Sources */,
				0691A12E29804BC800DB719E /* DetailsViewController.swift in Sources */,
			);
			runOnlyForDeploymentPostprocessing = 0;
		};
/* End PBXSourcesBuildPhase section */

/* Begin PBXVariantGroup section */
		063605A82977D4BD004BED85 /* LaunchScreen.storyboard */ = {
			isa = PBXVariantGroup;
			children = (
				063605A92977D4BD004BED85 /* Base */,
			);
			name = LaunchScreen.storyboard;
			sourceTree = "<group>";
		};
/* End PBXVariantGroup section */

/* Begin XCBuildConfiguration section */
		063605AC2977D4BD004BED85 /* Debug */ = {
			isa = XCBuildConfiguration;
			buildSettings = {
				ALWAYS_SEARCH_USER_PATHS = NO;
				CLANG_ANALYZER_NONNULL = YES;
				CLANG_ANALYZER_NUMBER_OBJECT_CONVERSION = YES_AGGRESSIVE;
				CLANG_CXX_LANGUAGE_STANDARD = "gnu++20";
				CLANG_ENABLE_MODULES = YES;
				CLANG_ENABLE_OBJC_ARC = YES;
				CLANG_ENABLE_OBJC_WEAK = YES;
				CLANG_WARN_BLOCK_CAPTURE_AUTORELEASING = YES;
				CLANG_WARN_BOOL_CONVERSION = YES;
				CLANG_WARN_COMMA = YES;
				CLANG_WARN_CONSTANT_CONVERSION = YES;
				CLANG_WARN_DEPRECATED_OBJC_IMPLEMENTATIONS = YES;
				CLANG_WARN_DIRECT_OBJC_ISA_USAGE = YES_ERROR;
				CLANG_WARN_DOCUMENTATION_COMMENTS = YES;
				CLANG_WARN_EMPTY_BODY = YES;
				CLANG_WARN_ENUM_CONVERSION = YES;
				CLANG_WARN_INFINITE_RECURSION = YES;
				CLANG_WARN_INT_CONVERSION = YES;
				CLANG_WARN_NON_LITERAL_NULL_CONVERSION = YES;
				CLANG_WARN_OBJC_IMPLICIT_RETAIN_SELF = YES;
				CLANG_WARN_OBJC_LITERAL_CONVERSION = YES;
				CLANG_WARN_OBJC_ROOT_CLASS = YES_ERROR;
				CLANG_WARN_QUOTED_INCLUDE_IN_FRAMEWORK_HEADER = YES;
				CLANG_WARN_RANGE_LOOP_ANALYSIS = YES;
				CLANG_WARN_STRICT_PROTOTYPES = YES;
				CLANG_WARN_SUSPICIOUS_MOVE = YES;
				CLANG_WARN_UNGUARDED_AVAILABILITY = YES_AGGRESSIVE;
				CLANG_WARN_UNREACHABLE_CODE = YES;
				CLANG_WARN__DUPLICATE_METHOD_MATCH = YES;
				COPY_PHASE_STRIP = NO;
				DEBUG_INFORMATION_FORMAT = dwarf;
				ENABLE_STRICT_OBJC_MSGSEND = YES;
				ENABLE_TESTABILITY = YES;
				GCC_C_LANGUAGE_STANDARD = gnu11;
				GCC_DYNAMIC_NO_PIC = NO;
				GCC_NO_COMMON_BLOCKS = YES;
				GCC_OPTIMIZATION_LEVEL = 0;
				GCC_PREPROCESSOR_DEFINITIONS = (
					"DEBUG=1",
					"$(inherited)",
				);
				GCC_WARN_64_TO_32_BIT_CONVERSION = YES;
				GCC_WARN_ABOUT_RETURN_TYPE = YES_ERROR;
				GCC_WARN_UNDECLARED_SELECTOR = YES;
				GCC_WARN_UNINITIALIZED_AUTOS = YES_AGGRESSIVE;
				GCC_WARN_UNUSED_FUNCTION = YES;
				GCC_WARN_UNUSED_VARIABLE = YES;
				IPHONEOS_DEPLOYMENT_TARGET = 16.2;
				MTL_ENABLE_DEBUG_INFO = INCLUDE_SOURCE;
				MTL_FAST_MATH = YES;
				ONLY_ACTIVE_ARCH = YES;
				SDKROOT = iphoneos;
				SWIFT_ACTIVE_COMPILATION_CONDITIONS = DEBUG;
				SWIFT_OPTIMIZATION_LEVEL = "-Onone";
			};
			name = Debug;
		};
		063605AD2977D4BD004BED85 /* Release */ = {
			isa = XCBuildConfiguration;
			buildSettings = {
				ALWAYS_SEARCH_USER_PATHS = NO;
				CLANG_ANALYZER_NONNULL = YES;
				CLANG_ANALYZER_NUMBER_OBJECT_CONVERSION = YES_AGGRESSIVE;
				CLANG_CXX_LANGUAGE_STANDARD = "gnu++20";
				CLANG_ENABLE_MODULES = YES;
				CLANG_ENABLE_OBJC_ARC = YES;
				CLANG_ENABLE_OBJC_WEAK = YES;
				CLANG_WARN_BLOCK_CAPTURE_AUTORELEASING = YES;
				CLANG_WARN_BOOL_CONVERSION = YES;
				CLANG_WARN_COMMA = YES;
				CLANG_WARN_CONSTANT_CONVERSION = YES;
				CLANG_WARN_DEPRECATED_OBJC_IMPLEMENTATIONS = YES;
				CLANG_WARN_DIRECT_OBJC_ISA_USAGE = YES_ERROR;
				CLANG_WARN_DOCUMENTATION_COMMENTS = YES;
				CLANG_WARN_EMPTY_BODY = YES;
				CLANG_WARN_ENUM_CONVERSION = YES;
				CLANG_WARN_INFINITE_RECURSION = YES;
				CLANG_WARN_INT_CONVERSION = YES;
				CLANG_WARN_NON_LITERAL_NULL_CONVERSION = YES;
				CLANG_WARN_OBJC_IMPLICIT_RETAIN_SELF = YES;
				CLANG_WARN_OBJC_LITERAL_CONVERSION = YES;
				CLANG_WARN_OBJC_ROOT_CLASS = YES_ERROR;
				CLANG_WARN_QUOTED_INCLUDE_IN_FRAMEWORK_HEADER = YES;
				CLANG_WARN_RANGE_LOOP_ANALYSIS = YES;
				CLANG_WARN_STRICT_PROTOTYPES = YES;
				CLANG_WARN_SUSPICIOUS_MOVE = YES;
				CLANG_WARN_UNGUARDED_AVAILABILITY = YES_AGGRESSIVE;
				CLANG_WARN_UNREACHABLE_CODE = YES;
				CLANG_WARN__DUPLICATE_METHOD_MATCH = YES;
				COPY_PHASE_STRIP = NO;
				DEBUG_INFORMATION_FORMAT = "dwarf-with-dsym";
				ENABLE_NS_ASSERTIONS = NO;
				ENABLE_STRICT_OBJC_MSGSEND = YES;
				GCC_C_LANGUAGE_STANDARD = gnu11;
				GCC_NO_COMMON_BLOCKS = YES;
				GCC_WARN_64_TO_32_BIT_CONVERSION = YES;
				GCC_WARN_ABOUT_RETURN_TYPE = YES_ERROR;
				GCC_WARN_UNDECLARED_SELECTOR = YES;
				GCC_WARN_UNINITIALIZED_AUTOS = YES_AGGRESSIVE;
				GCC_WARN_UNUSED_FUNCTION = YES;
				GCC_WARN_UNUSED_VARIABLE = YES;
				IPHONEOS_DEPLOYMENT_TARGET = 16.2;
				MTL_ENABLE_DEBUG_INFO = NO;
				MTL_FAST_MATH = YES;
				SDKROOT = iphoneos;
				SWIFT_COMPILATION_MODE = wholemodule;
				SWIFT_OPTIMIZATION_LEVEL = "-O";
				VALIDATE_PRODUCT = YES;
			};
			name = Release;
		};
		063605AF2977D4BD004BED85 /* Debug */ = {
			isa = XCBuildConfiguration;
			buildSettings = {
				ASSETCATALOG_COMPILER_APPICON_NAME = AppIcon;
				ASSETCATALOG_COMPILER_GLOBAL_ACCENT_COLOR_NAME = AccentColor;
				CODE_SIGN_STYLE = Automatic;
				CURRENT_PROJECT_VERSION = 1;
				DEVELOPMENT_TEAM = PD2C9D7H2A;
				GENERATE_INFOPLIST_FILE = YES;
				INFOPLIST_FILE = MoviesAutoLayout/Info.plist;
				INFOPLIST_KEY_UIApplicationSupportsIndirectInputEvents = YES;
				INFOPLIST_KEY_UILaunchStoryboardName = LaunchScreen;
				INFOPLIST_KEY_UISupportedInterfaceOrientations_iPad = "UIInterfaceOrientationPortrait UIInterfaceOrientationPortraitUpsideDown UIInterfaceOrientationLandscapeLeft UIInterfaceOrientationLandscapeRight";
				INFOPLIST_KEY_UISupportedInterfaceOrientations_iPhone = "UIInterfaceOrientationPortrait UIInterfaceOrientationLandscapeLeft UIInterfaceOrientationLandscapeRight";
				LD_RUNPATH_SEARCH_PATHS = (
					"$(inherited)",
					"@executable_path/Frameworks",
				);
				MARKETING_VERSION = 1.0;
				PRODUCT_BUNDLE_IDENTIFIER = jusansingularity.kz.MoviesAutoLayout;
				PRODUCT_NAME = "$(TARGET_NAME)";
				SWIFT_EMIT_LOC_STRINGS = YES;
				SWIFT_VERSION = 5.0;
				TARGETED_DEVICE_FAMILY = "1,2";
			};
			name = Debug;
		};
		063605B02977D4BD004BED85 /* Release */ = {
			isa = XCBuildConfiguration;
			buildSettings = {
				ASSETCATALOG_COMPILER_APPICON_NAME = AppIcon;
				ASSETCATALOG_COMPILER_GLOBAL_ACCENT_COLOR_NAME = AccentColor;
				CODE_SIGN_STYLE = Automatic;
				CURRENT_PROJECT_VERSION = 1;
				DEVELOPMENT_TEAM = PD2C9D7H2A;
				GENERATE_INFOPLIST_FILE = YES;
				INFOPLIST_FILE = MoviesAutoLayout/Info.plist;
				INFOPLIST_KEY_UIApplicationSupportsIndirectInputEvents = YES;
				INFOPLIST_KEY_UILaunchStoryboardName = LaunchScreen;
				INFOPLIST_KEY_UISupportedInterfaceOrientations_iPad = "UIInterfaceOrientationPortrait UIInterfaceOrientationPortraitUpsideDown UIInterfaceOrientationLandscapeLeft UIInterfaceOrientationLandscapeRight";
				INFOPLIST_KEY_UISupportedInterfaceOrientations_iPhone = "UIInterfaceOrientationPortrait UIInterfaceOrientationLandscapeLeft UIInterfaceOrientationLandscapeRight";
				LD_RUNPATH_SEARCH_PATHS = (
					"$(inherited)",
					"@executable_path/Frameworks",
				);
				MARKETING_VERSION = 1.0;
				PRODUCT_BUNDLE_IDENTIFIER = jusansingularity.kz.MoviesAutoLayout;
				PRODUCT_NAME = "$(TARGET_NAME)";
				SWIFT_EMIT_LOC_STRINGS = YES;
				SWIFT_VERSION = 5.0;
				TARGETED_DEVICE_FAMILY = "1,2";
			};
			name = Release;
		};
/* End XCBuildConfiguration section */

/* Begin XCConfigurationList section */
		063605952977D4BB004BED85 /* Build configuration list for PBXProject "MoviesAutoLayout" */ = {
			isa = XCConfigurationList;
			buildConfigurations = (
				063605AC2977D4BD004BED85 /* Debug */,
				063605AD2977D4BD004BED85 /* Release */,
			);
			defaultConfigurationIsVisible = 0;
			defaultConfigurationName = Release;
		};
		063605AE2977D4BD004BED85 /* Build configuration list for PBXNativeTarget "MoviesAutoLayout" */ = {
			isa = XCConfigurationList;
			buildConfigurations = (
				063605AF2977D4BD004BED85 /* Debug */,
				063605B02977D4BD004BED85 /* Release */,
			);
			defaultConfigurationIsVisible = 0;
			defaultConfigurationName = Release;
		};
/* End XCConfigurationList section */
	};
	rootObject = 063605922977D4BB004BED85 /* Project object */;
}
